// !$*UTF8*$!
{
	archiveVersion = 1;
	classes = {
	};
	objectVersion = 50;
	objects = {

/* Begin PBXBuildFile section */
		5839562E2360B16E00856165 /* EntryController.swift in Sources */ = {isa = PBXBuildFile; fileRef = 5839562D2360B16E00856165 /* EntryController.swift */; };
		62FC44E82360AF410092D966 /* AppDelegate.swift in Sources */ = {isa = PBXBuildFile; fileRef = 62FC44E72360AF410092D966 /* AppDelegate.swift */; };
		62FC44EA2360AF410092D966 /* SceneDelegate.swift in Sources */ = {isa = PBXBuildFile; fileRef = 62FC44E92360AF410092D966 /* SceneDelegate.swift */; };
		62FC44EC2360AF410092D966 /* ViewController.swift in Sources */ = {isa = PBXBuildFile; fileRef = 62FC44EB2360AF410092D966 /* ViewController.swift */; };
		62FC44EF2360AF410092D966 /* Main.storyboard in Resources */ = {isa = PBXBuildFile; fileRef = 62FC44ED2360AF410092D966 /* Main.storyboard */; };
		62FC44F12360AF430092D966 /* Assets.xcassets in Resources */ = {isa = PBXBuildFile; fileRef = 62FC44F02360AF430092D966 /* Assets.xcassets */; };
		62FC44F42360AF430092D966 /* LaunchScreen.storyboard in Resources */ = {isa = PBXBuildFile; fileRef = 62FC44F22360AF430092D966 /* LaunchScreen.storyboard */; };
		62FC45022360B1080092D966 /* Entry.swift in Sources */ = {isa = PBXBuildFile; fileRef = 62FC45012360B1080092D966 /* Entry.swift */; };
/* End PBXBuildFile section */

/* Begin PBXFileReference section */
		5839562D2360B16E00856165 /* EntryController.swift */ = {isa = PBXFileReference; lastKnownFileType = sourcecode.swift; path = EntryController.swift; sourceTree = "<group>"; };
		62FC44E42360AF410092D966 /* otherJournal.app */ = {isa = PBXFileReference; explicitFileType = wrapper.application; includeInIndex = 0; path = otherJournal.app; sourceTree = BUILT_PRODUCTS_DIR; };
		62FC44E72360AF410092D966 /* AppDelegate.swift */ = {isa = PBXFileReference; lastKnownFileType = sourcecode.swift; path = AppDelegate.swift; sourceTree = "<group>"; };
		62FC44E92360AF410092D966 /* SceneDelegate.swift */ = {isa = PBXFileReference; lastKnownFileType = sourcecode.swift; path = SceneDelegate.swift; sourceTree = "<group>"; };
		62FC44EB2360AF410092D966 /* ViewController.swift */ = {isa = PBXFileReference; lastKnownFileType = sourcecode.swift; path = ViewController.swift; sourceTree = "<group>"; };
		62FC44EE2360AF410092D966 /* Base */ = {isa = PBXFileReference; lastKnownFileType = file.storyboard; name = Base; path = Base.lproj/Main.storyboard; sourceTree = "<group>"; };
		62FC44F02360AF430092D966 /* Assets.xcassets */ = {isa = PBXFileReference; lastKnownFileType = folder.assetcatalog; path = Assets.xcassets; sourceTree = "<group>"; };
		62FC44F32360AF430092D966 /* Base */ = {isa = PBXFileReference; lastKnownFileType = file.storyboard; name = Base; path = Base.lproj/LaunchScreen.storyboard; sourceTree = "<group>"; };
		62FC44F52360AF430092D966 /* Info.plist */ = {isa = PBXFileReference; lastKnownFileType = text.plist.xml; path = Info.plist; sourceTree = "<group>"; };
		62FC45012360B1080092D966 /* Entry.swift */ = {isa = PBXFileReference; lastKnownFileType = sourcecode.swift; path = Entry.swift; sourceTree = "<group>"; };
/* End PBXFileReference section */

/* Begin PBXFrameworksBuildPhase section */
		62FC44E12360AF410092D966 /* Frameworks */ = {
			isa = PBXFrameworksBuildPhase;
			buildActionMask = 2147483647;
			files = (
			);
			runOnlyForDeploymentPostprocessing = 0;
		};
/* End PBXFrameworksBuildPhase section */

/* Begin PBXGroup section */
		5839562F2360B17300856165 /* ModelControllers */ = {
			isa = PBXGroup;
			children = (
				5839562D2360B16E00856165 /* EntryController.swift */,
			);
			path = ModelControllers;
			sourceTree = "<group>";
		};
		62FC44DB2360AF410092D966 = {
			isa = PBXGroup;
			children = (
				62FC44E62360AF410092D966 /* otherJournal */,
				62FC44E52360AF410092D966 /* Products */,
			);
			sourceTree = "<group>";
		};
		62FC44E52360AF410092D966 /* Products */ = {
			isa = PBXGroup;
			children = (
				62FC44E42360AF410092D966 /* otherJournal.app */,
			);
			name = Products;
			sourceTree = "<group>";
		};
		62FC44E62360AF410092D966 /* otherJournal */ = {
			isa = PBXGroup;
			children = (
				62FC44FC2360AF6A0092D966 /* Models */,
				62FC44FD2360AF6F0092D966 /* Controllers */,
				62FC44FE2360AF760092D966 /* Views */,
				62FC44FB2360AF590092D966 /* Resources */,
			);
			path = otherJournal;
			sourceTree = "<group>";
		};
		62FC44FB2360AF590092D966 /* Resources */ = {
			isa = PBXGroup;
			children = (
				62FC44E72360AF410092D966 /* AppDelegate.swift */,
				62FC44E92360AF410092D966 /* SceneDelegate.swift */,
				62FC44F02360AF430092D966 /* Assets.xcassets */,
				62FC44F22360AF430092D966 /* LaunchScreen.storyboard */,
				62FC44F52360AF430092D966 /* Info.plist */,
			);
			path = Resources;
			sourceTree = "<group>";
		};
		62FC44FC2360AF6A0092D966 /* Models */ = {
			isa = PBXGroup;
			children = (
				62FC45012360B1080092D966 /* Entry.swift */,
			);
			path = Models;
			sourceTree = "<group>";
		};
		62FC44FD2360AF6F0092D966 /* Controllers */ = {
			isa = PBXGroup;
			children = (
				5839562F2360B17300856165 /* ModelControllers */,
				62FC44FF2360AF840092D966 /* ViewControllers */,
			);
			path = Controllers;
			sourceTree = "<group>";
		};
		62FC44FE2360AF760092D966 /* Views */ = {
			isa = PBXGroup;
			children = (
				62FC44ED2360AF410092D966 /* Main.storyboard */,
			);
			path = Views;
			sourceTree = "<group>";
		};
		62FC44FF2360AF840092D966 /* ViewControllers */ = {
			isa = PBXGroup;
			children = (
				62FC44EB2360AF410092D966 /* ViewController.swift */,
			);
			path = ViewControllers;
			sourceTree = "<group>";
		};
/* End PBXGroup section */

/* Begin PBXNativeTarget section */
		62FC44E32360AF410092D966 /* otherJournal */ = {
			isa = PBXNativeTarget;
			buildConfigurationList = 62FC44F82360AF430092D966 /* Build configuration list for PBXNativeTarget "otherJournal" */;
			buildPhases = (
				62FC44E02360AF410092D966 /* Sources */,
				62FC44E12360AF410092D966 /* Frameworks */,
				62FC44E22360AF410092D966 /* Resources */,
			);
			buildRules = (
			);
			dependencies = (
			);
			name = otherJournal;
			productName = otherJournal;
			productReference = 62FC44E42360AF410092D966 /* otherJournal.app */;
			productType = "com.apple.product-type.application";
		};
/* End PBXNativeTarget section */

/* Begin PBXProject section */
		62FC44DC2360AF410092D966 /* Project object */ = {
			isa = PBXProject;
			attributes = {
				LastSwiftUpdateCheck = 1110;
				LastUpgradeCheck = 1110;
				ORGANIZATIONNAME = "RYAN GREENBURG";
				TargetAttributes = {
					62FC44E32360AF410092D966 = {
						CreatedOnToolsVersion = 11.1;
					};
				};
			};
			buildConfigurationList = 62FC44DF2360AF410092D966 /* Build configuration list for PBXProject "otherJournal" */;
			compatibilityVersion = "Xcode 9.3";
			developmentRegion = en;
			hasScannedForEncodings = 0;
			knownRegions = (
				en,
				Base,
			);
			mainGroup = 62FC44DB2360AF410092D966;
			productRefGroup = 62FC44E52360AF410092D966 /* Products */;
			projectDirPath = "";
			projectRoot = "";
			targets = (
				62FC44E32360AF410092D966 /* otherJournal */,
			);
		};
/* End PBXProject section */

/* Begin PBXResourcesBuildPhase section */
		62FC44E22360AF410092D966 /* Resources */ = {
			isa = PBXResourcesBuildPhase;
			buildActionMask = 2147483647;
			files = (
				62FC44F42360AF430092D966 /* LaunchScreen.storyboard in Resources */,
				62FC44F12360AF430092D966 /* Assets.xcassets in Resources */,
				62FC44EF2360AF410092D966 /* Main.storyboard in Resources */,
			);
			runOnlyForDeploymentPostprocessing = 0;
		};
/* End PBXResourcesBuildPhase section */

/* Begin PBXSourcesBuildPhase section */
		62FC44E02360AF410092D966 /* Sources */ = {
			isa = PBXSourcesBuildPhase;
			buildActionMask = 2147483647;
			files = (
				62FC45022360B1080092D966 /* Entry.swift in Sources */,
				62FC44EC2360AF410092D966 /* ViewController.swift in Sources */,
				62FC44E82360AF410092D966 /* AppDelegate.swift in Sources */,
				5839562E2360B16E00856165 /* EntryController.swift in Sources */,
				62FC44EA2360AF410092D966 /* SceneDelegate.swift in Sources */,
			);
			runOnlyForDeploymentPostprocessing = 0;
		};
/* End PBXSourcesBuildPhase section */

/* Begin PBXVariantGroup section */
		62FC44ED2360AF410092D966 /* Main.storyboard */ = {
			isa = PBXVariantGroup;
			children = (
				62FC44EE2360AF410092D966 /* Base */,
			);
			name = Main.storyboard;
			sourceTree = "<group>";
		};
		62FC44F22360AF430092D966 /* LaunchScreen.storyboard */ = {
			isa = PBXVariantGroup;
			children = (
				62FC44F32360AF430092D966 /* Base */,
			);
			name = LaunchScreen.storyboard;
			sourceTree = "<group>";
		};
/* End PBXVariantGroup section */

/* Begin XCBuildConfiguration section */
		62FC44F62360AF430092D966 /* Debug */ = {
			isa = XCBuildConfiguration;
			buildSettings = {
				ALWAYS_SEARCH_USER_PATHS = NO;
				CLANG_ANALYZER_NONNULL = YES;
				CLANG_ANALYZER_NUMBER_OBJECT_CONVERSION = YES_AGGRESSIVE;
				CLANG_CXX_LANGUAGE_STANDARD = "gnu++14";
				CLANG_CXX_LIBRARY = "libc++";
				CLANG_ENABLE_MODULES = YES;
				CLANG_ENABLE_OBJC_ARC = YES;
				CLANG_ENABLE_OBJC_WEAK = YES;
				CLANG_WARN_BLOCK_CAPTURE_AUTORELEASING = YES;
				CLANG_WARN_BOOL_CONVERSION = YES;
				CLANG_WARN_COMMA = YES;
				CLANG_WARN_CONSTANT_CONVERSION = YES;
				CLANG_WARN_DEPRECATED_OBJC_IMPLEMENTATIONS = YES;
				CLANG_WARN_DIRECT_OBJC_ISA_USAGE = YES_ERROR;
				CLANG_WARN_DOCUMENTATION_COMMENTS = YES;
				CLANG_WARN_EMPTY_BODY = YES;
				CLANG_WARN_ENUM_CONVERSION = YES;
				CLANG_WARN_INFINITE_RECURSION = YES;
				CLANG_WARN_INT_CONVERSION = YES;
				CLANG_WARN_NON_LITERAL_NULL_CONVERSION = YES;
				CLANG_WARN_OBJC_IMPLICIT_RETAIN_SELF = YES;
				CLANG_WARN_OBJC_LITERAL_CONVERSION = YES;
				CLANG_WARN_OBJC_ROOT_CLASS = YES_ERROR;
				CLANG_WARN_RANGE_LOOP_ANALYSIS = YES;
				CLANG_WARN_STRICT_PROTOTYPES = YES;
				CLANG_WARN_SUSPICIOUS_MOVE = YES;
				CLANG_WARN_UNGUARDED_AVAILABILITY = YES_AGGRESSIVE;
				CLANG_WARN_UNREACHABLE_CODE = YES;
				CLANG_WARN__DUPLICATE_METHOD_MATCH = YES;
				COPY_PHASE_STRIP = NO;
				DEBUG_INFORMATION_FORMAT = dwarf;
				ENABLE_STRICT_OBJC_MSGSEND = YES;
				ENABLE_TESTABILITY = YES;
				GCC_C_LANGUAGE_STANDARD = gnu11;
				GCC_DYNAMIC_NO_PIC = NO;
				GCC_NO_COMMON_BLOCKS = YES;
				GCC_OPTIMIZATION_LEVEL = 0;
				GCC_PREPROCESSOR_DEFINITIONS = (
					"DEBUG=1",
					"$(inherited)",
				);
				GCC_WARN_64_TO_32_BIT_CONVERSION = YES;
				GCC_WARN_ABOUT_RETURN_TYPE = YES_ERROR;
				GCC_WARN_UNDECLARED_SELECTOR = YES;
				GCC_WARN_UNINITIALIZED_AUTOS = YES_AGGRESSIVE;
				GCC_WARN_UNUSED_FUNCTION = YES;
				GCC_WARN_UNUSED_VARIABLE = YES;
				IPHONEOS_DEPLOYMENT_TARGET = 13.1;
				MTL_ENABLE_DEBUG_INFO = INCLUDE_SOURCE;
				MTL_FAST_MATH = YES;
				ONLY_ACTIVE_ARCH = YES;
				SDKROOT = iphoneos;
				SWIFT_ACTIVE_COMPILATION_CONDITIONS = DEBUG;
				SWIFT_OPTIMIZATION_LEVEL = "-Onone";
			};
			name = Debug;
		};
		62FC44F72360AF430092D966 /* Release */ = {
			isa = XCBuildConfiguration;
			buildSettings = {
				ALWAYS_SEARCH_USER_PATHS = NO;
				CLANG_ANALYZER_NONNULL = YES;
				CLANG_ANALYZER_NUMBER_OBJECT_CONVERSION = YES_AGGRESSIVE;
				CLANG_CXX_LANGUAGE_STANDARD = "gnu++14";
				CLANG_CXX_LIBRARY = "libc++";
				CLANG_ENABLE_MODULES = YES;
				CLANG_ENABLE_OBJC_ARC = YES;
				CLANG_ENABLE_OBJC_WEAK = YES;
				CLANG_WARN_BLOCK_CAPTURE_AUTORELEASING = YES;
				CLANG_WARN_BOOL_CONVERSION = YES;
				CLANG_WARN_COMMA = YES;
				CLANG_WARN_CONSTANT_CONVERSION = YES;
				CLANG_WARN_DEPRECATED_OBJC_IMPLEMENTATIONS = YES;
				CLANG_WARN_DIRECT_OBJC_ISA_USAGE = YES_ERROR;
				CLANG_WARN_DOCUMENTATION_COMMENTS = YES;
				CLANG_WARN_EMPTY_BODY = YES;
				CLANG_WARN_ENUM_CONVERSION = YES;
				CLANG_WARN_INFINITE_RECURSION = YES;
				CLANG_WARN_INT_CONVERSION = YES;
				CLANG_WARN_NON_LITERAL_NULL_CONVERSION = YES;
				CLANG_WARN_OBJC_IMPLICIT_RETAIN_SELF = YES;
				CLANG_WARN_OBJC_LITERAL_CONVERSION = YES;
				CLANG_WARN_OBJC_ROOT_CLASS = YES_ERROR;
				CLANG_WARN_RANGE_LOOP_ANALYSIS = YES;
				CLANG_WARN_STRICT_PROTOTYPES = YES;
				CLANG_WARN_SUSPICIOUS_MOVE = YES;
				CLANG_WARN_UNGUARDED_AVAILABILITY = YES_AGGRESSIVE;
				CLANG_WARN_UNREACHABLE_CODE = YES;
				CLANG_WARN__DUPLICATE_METHOD_MATCH = YES;
				COPY_PHASE_STRIP = NO;
				DEBUG_INFORMATION_FORMAT = "dwarf-with-dsym";
				ENABLE_NS_ASSERTIONS = NO;
				ENABLE_STRICT_OBJC_MSGSEND = YES;
				GCC_C_LANGUAGE_STANDARD = gnu11;
				GCC_NO_COMMON_BLOCKS = YES;
				GCC_WARN_64_TO_32_BIT_CONVERSION = YES;
				GCC_WARN_ABOUT_RETURN_TYPE = YES_ERROR;
				GCC_WARN_UNDECLARED_SELECTOR = YES;
				GCC_WARN_UNINITIALIZED_AUTOS = YES_AGGRESSIVE;
				GCC_WARN_UNUSED_FUNCTION = YES;
				GCC_WARN_UNUSED_VARIABLE = YES;
				IPHONEOS_DEPLOYMENT_TARGET = 13.1;
				MTL_ENABLE_DEBUG_INFO = NO;
				MTL_FAST_MATH = YES;
				SDKROOT = iphoneos;
				SWIFT_COMPILATION_MODE = wholemodule;
				SWIFT_OPTIMIZATION_LEVEL = "-O";
				VALIDATE_PRODUCT = YES;
			};
			name = Release;
		};
		62FC44F92360AF430092D966 /* Debug */ = {
			isa = XCBuildConfiguration;
			buildSettings = {
				ASSETCATALOG_COMPILER_APPICON_NAME = AppIcon;
				CODE_SIGN_STYLE = Automatic;
				DEVELOPMENT_TEAM = H8C27D6HU3;
				INFOPLIST_FILE = "$(SRCROOT)/otherJournal/Resources/Info.plist";
				LD_RUNPATH_SEARCH_PATHS = (
					"$(inherited)",
					"@executable_path/Frameworks",
				);
				PRODUCT_BUNDLE_IDENTIFIER = A.otherJournal;
				PRODUCT_NAME = "$(TARGET_NAME)";
				SWIFT_VERSION = 5.0;
				TARGETED_DEVICE_FAMILY = "1,2";
			};
			name = Debug;
		};
		62FC44FA2360AF430092D966 /* Release */ = {
			isa = XCBuildConfiguration;
			buildSettings = {
				ASSETCATALOG_COMPILER_APPICON_NAME = AppIcon;
				CODE_SIGN_STYLE = Automatic;
				DEVELOPMENT_TEAM = H8C27D6HU3;
				INFOPLIST_FILE = "$(SRCROOT)/otherJournal/Resources/Info.plist";
				LD_RUNPATH_SEARCH_PATHS = (
					"$(inherited)",
					"@executable_path/Frameworks",
				);
				PRODUCT_BUNDLE_IDENTIFIER = A.otherJournal;
				PRODUCT_NAME = "$(TARGET_NAME)";
				SWIFT_VERSION = 5.0;
				TARGETED_DEVICE_FAMILY = "1,2";
			};
			name = Release;
		};
/* End XCBuildConfiguration section */

/* Begin XCConfigurationList section */
		62FC44DF2360AF410092D966 /* Build configuration list for PBXProject "otherJournal" */ = {
			isa = XCConfigurationList;
			buildConfigurations = (
				62FC44F62360AF430092D966 /* Debug */,
				62FC44F72360AF430092D966 /* Release */,
			);
			defaultConfigurationIsVisible = 0;
			defaultConfigurationName = Release;
		};
		62FC44F82360AF430092D966 /* Build configuration list for PBXNativeTarget "otherJournal" */ = {
			isa = XCConfigurationList;
			buildConfigurations = (
				62FC44F92360AF430092D966 /* Debug */,
				62FC44FA2360AF430092D966 /* Release */,
			);
			defaultConfigurationIsVisible = 0;
			defaultConfigurationName = Release;
		};
/* End XCConfigurationList section */
	};
	rootObject = 62FC44DC2360AF410092D966 /* Project object */;
}
